
Microsoft Visual Studio Solution File, Format Version 12.00
# Visual Studio Version 17
VisualStudioVersion = 17.1.32228.430
MinimumVisualStudioVersion = 10.0.40219.1
Project("{FAE04EC0-301F-11D3-BF4B-00C04F79EFBC}") = "DoByte.BeautifulNumbers", "DoByte.BeautifulNumbers\DoByte.BeautifulNumbers.csproj", "{23DEE2DD-37DE-42F3-B125-E941F71C2115}"
EndProject
Global
	GlobalSection(SolutionConfigurationPlatforms) = preSolution
		Debug|Any CPU = Debug|Any CPU
		Release|Any CPU = Release|Any CPU
	EndGlobalSection
	GlobalSection(ProjectConfigurationPlatforms) = postSolution
		{23DEE2DD-37DE-42F3-B125-E941F71C2115}.Debug|Any CPU.ActiveCfg = Debug|Any CPU
		{23DEE2DD-37DE-42F3-B125-E941F71C2115}.Debug|Any CPU.Build.0 = Debug|Any CPU
		{23DEE2DD-37DE-42F3-B125-E941F71C2115}.Release|Any CPU.ActiveCfg = Release|Any CPU
		{23DEE2DD-37DE-42F3-B125-E941F71C2115}.Release|Any CPU.Build.0 = Release|Any CPU
	EndGlobalSection
	GlobalSection(SolutionProperties) = preSolution
		HideSolutionNode = FALSE
	EndGlobalSection
	GlobalSection(ExtensibilityGlobals) = postSolution
		SolutionGuid = {E98B4C52-0DE6-4038-84A2-7129E61FD0C3}
	EndGlobalSection
EndGlobal
